
Microsoft Visual Studio Solution File, Format Version 12.00
# Visual Studio Version 17
VisualStudioVersion = 17.0.31903.59
MinimumVisualStudioVersion = 10.0.40219.1
Project("{FAE04EC0-301F-11D3-BF4B-00C04F79EFBC}") = "HtmlAgilityPack.Sample1", "HtmlAgilityPack.Sample1\HtmlAgilityPack.Sample1.csproj", "{085B81BE-62E1-4B9F-9145-3B02B37AB199}"
EndProject
Project("{FAE04EC0-301F-11D3-BF4B-00C04F79EFBC}") = "HtmlAgilityPack.Sample2", "HtmlAgilityPack.Sample2\HtmlAgilityPack.Sample2.csproj", "{0067E7AC-C5C2-4EFA-AD36-F8B405506A76}"
EndProject
Global
	GlobalSection(SolutionConfigurationPlatforms) = preSolution
		Debug|Any CPU = Debug|Any CPU
		Release|Any CPU = Release|Any CPU
	EndGlobalSection
	GlobalSection(ProjectConfigurationPlatforms) = postSolution
		{085B81BE-62E1-4B9F-9145-3B02B37AB199}.Debug|Any CPU.ActiveCfg = Debug|Any CPU
		{085B81BE-62E1-4B9F-9145-3B02B37AB199}.Debug|Any CPU.Build.0 = Debug|Any CPU
		{085B81BE-62E1-4B9F-9145-3B02B37AB199}.Release|Any CPU.ActiveCfg = Release|Any CPU
		{085B81BE-62E1-4B9F-9145-3B02B37AB199}.Release|Any CPU.Build.0 = Release|Any CPU
		{0067E7AC-C5C2-4EFA-AD36-F8B405506A76}.Debug|Any CPU.ActiveCfg = Debug|Any CPU
		{0067E7AC-C5C2-4EFA-AD36-F8B405506A76}.Debug|Any CPU.Build.0 = Debug|Any CPU
		{0067E7AC-C5C2-4EFA-AD36-F8B405506A76}.Release|Any CPU.ActiveCfg = Release|Any CPU
		{0067E7AC-C5C2-4EFA-AD36-F8B405506A76}.Release|Any CPU.Build.0 = Release|Any CPU
	EndGlobalSection
	GlobalSection(SolutionProperties) = preSolution
		HideSolutionNode = FALSE
	EndGlobalSection
	GlobalSection(ExtensibilityGlobals) = postSolution
		SolutionGuid = {DE337D7A-AA85-4BC0-A332-09C4E09F513A}
	EndGlobalSection
EndGlobal
